
Microsoft Visual Studio Solution File, Format Version 12.00
# Visual Studio Version 17
VisualStudioVersion = 17.5.002.0
MinimumVisualStudioVersion = 10.0.40219.1
Project("{9A19103F-16F7-4668-BE54-9A1E7A4F7556}") = "Aula_09CS", "Aula_09CS\Aula_09CS.csproj", "{D1001EDE-9790-4187-ABE5-B63F376ADB55}"
EndProject
Global
	GlobalSection(SolutionConfigurationPlatforms) = preSolution
		Debug|Any CPU = Debug|Any CPU
		Release|Any CPU = Release|Any CPU
	EndGlobalSection
	GlobalSection(ProjectConfigurationPlatforms) = postSolution
		{D1001EDE-9790-4187-ABE5-B63F376ADB55}.Debug|Any CPU.ActiveCfg = Debug|Any CPU
		{D1001EDE-9790-4187-ABE5-B63F376ADB55}.Debug|Any CPU.Build.0 = Debug|Any CPU
		{D1001EDE-9790-4187-ABE5-B63F376ADB55}.Release|Any CPU.ActiveCfg = Release|Any CPU
		{D1001EDE-9790-4187-ABE5-B63F376ADB55}.Release|Any CPU.Build.0 = Release|Any CPU
	EndGlobalSection
	GlobalSection(SolutionProperties) = preSolution
		HideSolutionNode = FALSE
	EndGlobalSection
	GlobalSection(ExtensibilityGlobals) = postSolution
		SolutionGuid = {57C9AE3D-EC15-4536-A15E-988B3172F02A}
	EndGlobalSection
EndGlobal
